
Microsoft Visual Studio Solution File, Format Version 12.00
# Visual Studio Version 16
VisualStudioVersion = 16.0.29806.167
MinimumVisualStudioVersion = 10.0.40219.1
Project("{FAE04EC0-301F-11D3-BF4B-00C04F79EFBC}") = "Calculater", "Calculater\Calculater.csproj", "{D29FDB2D-E104-4EBB-B973-7425DA311B82}"
EndProject
Global
	GlobalSection(SolutionConfigurationPlatforms) = preSolution
		Debug|Any CPU = Debug|Any CPU
		Release|Any CPU = Release|Any CPU
	EndGlobalSection
	GlobalSection(ProjectConfigurationPlatforms) = postSolution
		{D29FDB2D-E104-4EBB-B973-7425DA311B82}.Debug|Any CPU.ActiveCfg = Debug|Any CPU
		{D29FDB2D-E104-4EBB-B973-7425DA311B82}.Debug|Any CPU.Build.0 = Debug|Any CPU
		{D29FDB2D-E104-4EBB-B973-7425DA311B82}.Release|Any CPU.ActiveCfg = Release|Any CPU
		{D29FDB2D-E104-4EBB-B973-7425DA311B82}.Release|Any CPU.Build.0 = Release|Any CPU
	EndGlobalSection
	GlobalSection(SolutionProperties) = preSolution
		HideSolutionNode = FALSE
	EndGlobalSection
	GlobalSection(ExtensibilityGlobals) = postSolution
		SolutionGuid = {AFC51FBA-5A65-4407-9B73-5DACC2E1ABC6}
	EndGlobalSection
EndGlobal
